// !$*UTF8*$!
{
	archiveVersion = 1;
	classes = {
	};
	objectVersion = 46;
	objects = {

/* Begin PBXBuildFile section */
		0C0A797E158CCB1B006176ED /* loading1.png in Resources */ = {isa = PBXBuildFile; fileRef = 0C0A7974158CCB1B006176ED /* loading1.png */; };
		0C0A797F158CCB1B006176ED /* loading10.png in Resources */ = {isa = PBXBuildFile; fileRef = 0C0A7975158CCB1B006176ED /* loading10.png */; };
		0C0A7980158CCB1B006176ED /* loading2.png in Resources */ = {isa = PBXBuildFile; fileRef = 0C0A7976158CCB1B006176ED /* loading2.png */; };
		0C0A7981158CCB1B006176ED /* loading3.png in Resources */ = {isa = PBXBuildFile; fileRef = 0C0A7977158CCB1B006176ED /* loading3.png */; };
		0C0A7982158CCB1B006176ED /* loading4.png in Resources */ = {isa = PBXBuildFile; fileRef = 0C0A7978158CCB1B006176ED /* loading4.png */; };
		0C0A7983158CCB1B006176ED /* loading5.png in Resources */ = {isa = PBXBuildFile; fileRef = 0C0A7979158CCB1B006176ED /* loading5.png */; };
		0C0A7984158CCB1B006176ED /* loading6.png in Resources */ = {isa = PBXBuildFile; fileRef = 0C0A797A158CCB1B006176ED /* loading6.png */; };
		0C0A7985158CCB1B006176ED /* loading7.png in Resources */ = {isa = PBXBuildFile; fileRef = 0C0A797B158CCB1B006176ED /* loading7.png */; };
		0C0A7986158CCB1B006176ED /* loading8.png in Resources */ = {isa = PBXBuildFile; fileRef = 0C0A797C158CCB1B006176ED /* loading8.png */; };
		0C0A7987158CCB1B006176ED /* loading9.png in Resources */ = {isa = PBXBuildFile; fileRef = 0C0A797D158CCB1B006176ED /* loading9.png */; };
		0C0A798B158CD5C9006176ED /* Icon-512.png in Resources */ = {isa = PBXBuildFile; fileRef = 0C0A7988158CD5C9006176ED /* Icon-512.png */; };
		0C0A798C158CD5C9006176ED /* Icon.png in Resources */ = {isa = PBXBuildFile; fileRef = 0C0A7989158CD5C9006176ED /* Icon.png */; };
		0C0A798D158CD5C9006176ED /* Icon@2x.png in Resources */ = {isa = PBXBuildFile; fileRef = 0C0A798A158CD5C9006176ED /* Icon@2x.png */; };
		0C0A798F158CDDE2006176ED /* info_icon@2x.png in Resources */ = {isa = PBXBuildFile; fileRef = 0C0A798E158CDDE2006176ED /* info_icon@2x.png */; };
		0C0A7992158F4622006176ED /* NSString+md5.m in Sources */ = {isa = PBXBuildFile; fileRef = 0C0A7991158F4622006176ED /* NSString+md5.m */; };
		0C54265E1584CD720092AE75 /* Info.xib in Resources */ = {isa = PBXBuildFile; fileRef = 0C54265D1584CD720092AE75 /* Info.xib */; };
		0C5426621584CDBC0092AE75 /* InfoController.m in Sources */ = {isa = PBXBuildFile; fileRef = 0C5426611584CDBC0092AE75 /* InfoController.m */; };
		0C5426681584D8CA0092AE75 /* UIView+FirstResponder.m in Sources */ = {isa = PBXBuildFile; fileRef = 0C5426671584D8CA0092AE75 /* UIView+FirstResponder.m */; };
		0C54268D1584DD100092AE75 /* ASIAuthenticationDialog.m in Sources */ = {isa = PBXBuildFile; fileRef = 0C54266C1584DD100092AE75 /* ASIAuthenticationDialog.m */; };
		0C54268E1584DD100092AE75 /* ASIDataCompressor.m in Sources */ = {isa = PBXBuildFile; fileRef = 0C54266F1584DD100092AE75 /* ASIDataCompressor.m */; };
		0C54268F1584DD100092AE75 /* ASIDataDecompressor.m in Sources */ = {isa = PBXBuildFile; fileRef = 0C5426711584DD100092AE75 /* ASIDataDecompressor.m */; };
		0C5426901584DD100092AE75 /* ASIDownloadCache.m in Sources */ = {isa = PBXBuildFile; fileRef = 0C5426731584DD100092AE75 /* ASIDownloadCache.m */; };
		0C5426911584DD100092AE75 /* ASIFormDataRequest.m in Sources */ = {isa = PBXBuildFile; fileRef = 0C5426751584DD100092AE75 /* ASIFormDataRequest.m */; };
		0C5426921584DD100092AE75 /* ASIHTTPRequest.m in Sources */ = {isa = PBXBuildFile; fileRef = 0C5426771584DD100092AE75 /* ASIHTTPRequest.m */; };
		0C5426931584DD100092AE75 /* ASIInputStream.m in Sources */ = {isa = PBXBuildFile; fileRef = 0C54267B1584DD100092AE75 /* ASIInputStream.m */; };
		0C5426941584DD100092AE75 /* ASINetworkQueue.m in Sources */ = {isa = PBXBuildFile; fileRef = 0C54267D1584DD100092AE75 /* ASINetworkQueue.m */; };
		0C5426951584DD100092AE75 /* CDataScanner.m in Sources */ = {isa = PBXBuildFile; fileRef = 0C5426811584DD100092AE75 /* CDataScanner.m */; };
		0C5426961584DD100092AE75 /* CDataScanner_Extensions.m in Sources */ = {isa = PBXBuildFile; fileRef = 0C5426831584DD100092AE75 /* CDataScanner_Extensions.m */; };
		0C5426971584DD100092AE75 /* CJSONDeserializer.m in Sources */ = {isa = PBXBuildFile; fileRef = 0C5426851584DD100092AE75 /* CJSONDeserializer.m */; };
		0C5426981584DD100092AE75 /* CJSONScanner.m in Sources */ = {isa = PBXBuildFile; fileRef = 0C5426871584DD100092AE75 /* CJSONScanner.m */; };
		0C5426991584DD100092AE75 /* CJSONSerializer.m in Sources */ = {isa = PBXBuildFile; fileRef = 0C5426891584DD100092AE75 /* CJSONSerializer.m */; };
		0C54269A1584DD100092AE75 /* NSDictionary_JSONExtensions.m in Sources */ = {isa = PBXBuildFile; fileRef = 0C54268C1584DD100092AE75 /* NSDictionary_JSONExtensions.m */; };
		0C5426A81584DF750092AE75 /* Reachability.m in Sources */ = {isa = PBXBuildFile; fileRef = 0C5426A71584DF750092AE75 /* Reachability.m */; };
		0C5426AB1584E0250092AE75 /* CFNetwork.framework in Frameworks */ = {isa = PBXBuildFile; fileRef = 0C5426AA1584E0250092AE75 /* CFNetwork.framework */; };
		0C5426B11584E0570092AE75 /* SystemConfiguration.framework in Frameworks */ = {isa = PBXBuildFile; fileRef = 0C5426B01584E0570092AE75 /* SystemConfiguration.framework */; };
		0C5426B31584E09D0092AE75 /* libz.dylib in Frameworks */ = {isa = PBXBuildFile; fileRef = 0C5426B21584E09D0092AE75 /* libz.dylib */; };
		0C5426B51584E0A50092AE75 /* MobileCoreServices.framework in Frameworks */ = {isa = PBXBuildFile; fileRef = 0C5426B41584E0A50092AE75 /* MobileCoreServices.framework */; };
		0C5426C01584E67D0092AE75 /* NSString+EncodeUrl.m in Sources */ = {isa = PBXBuildFile; fileRef = 0C5426BF1584E67D0092AE75 /* NSString+EncodeUrl.m */; };
		0C5426C21584EA9C0092AE75 /* clear_question.png in Resources */ = {isa = PBXBuildFile; fileRef = 0C5426C11584EA9C0092AE75 /* clear_question.png */; };
		0C82C900158C308E00AC8ECC /* TPKeyboardAvoidingScrollView.m in Sources */ = {isa = PBXBuildFile; fileRef = 0C82C8FF158C308E00AC8ECC /* TPKeyboardAvoidingScrollView.m */; };
		0C82C904158C92CB00AC8ECC /* ExampleQuestionsManager.m in Sources */ = {isa = PBXBuildFile; fileRef = 0C82C903158C92CB00AC8ECC /* ExampleQuestionsManager.m */; };
		0C82C90B158C933C00AC8ECC /* ExampleQuestionSection.m in Sources */ = {isa = PBXBuildFile; fileRef = 0C82C90A158C933C00AC8ECC /* ExampleQuestionSection.m */; };
		0C9DFE921583732000A1700E /* UIKit.framework in Frameworks */ = {isa = PBXBuildFile; fileRef = 0C9DFE911583732000A1700E /* UIKit.framework */; };
		0C9DFE941583732000A1700E /* Foundation.framework in Frameworks */ = {isa = PBXBuildFile; fileRef = 0C9DFE931583732000A1700E /* Foundation.framework */; };
		0C9DFE961583732000A1700E /* CoreGraphics.framework in Frameworks */ = {isa = PBXBuildFile; fileRef = 0C9DFE951583732000A1700E /* CoreGraphics.framework */; };
		0C9DFEC11583793F00A1700E /* AppDelegate.m in Sources */ = {isa = PBXBuildFile; fileRef = 0C9DFEBD1583793F00A1700E /* AppDelegate.m */; };
		0C9DFEC21583793F00A1700E /* main.m in Sources */ = {isa = PBXBuildFile; fileRef = 0C9DFEBE1583793F00A1700E /* main.m */; };
		0C9DFEC31583793F00A1700E /* QuestionController.m in Sources */ = {isa = PBXBuildFile; fileRef = 0C9DFEC01583793F00A1700E /* QuestionController.m */; };
		0C9DFECD158379CD00A1700E /* Question.xib in Resources */ = {isa = PBXBuildFile; fileRef = 0C9DFECC158379CD00A1700E /* Question.xib */; };
		0C9DFED015837A0300A1700E /* naturaldateandtime.png in Resources */ = {isa = PBXBuildFile; fileRef = 0C9DFECF15837A0300A1700E /* naturaldateandtime.png */; };
		0CBCB90B158B6B350002E90A /* naturaldateandtime@2x.png in Resources */ = {isa = PBXBuildFile; fileRef = 0CBCB90A158B6B350002E90A /* naturaldateandtime@2x.png */; };
		0CBCB910158B6E4B0002E90A /* info_icon.png in Resources */ = {isa = PBXBuildFile; fileRef = 0CBCB90F158B6E4B0002E90A /* info_icon.png */; };
		0CBCB912158B706E0002E90A /* clear_question@2x.png in Resources */ = {isa = PBXBuildFile; fileRef = 0CBCB911158B706E0002E90A /* clear_question@2x.png */; };
		0CBCB914158B74EA0002E90A /* twitter_icon@2x.png in Resources */ = {isa = PBXBuildFile; fileRef = 0CBCB913158B74EA0002E90A /* twitter_icon@2x.png */; };
		0CBCB916158B75020002E90A /* safari_icon@2x.png in Resources */ = {isa = PBXBuildFile; fileRef = 0CBCB915158B75020002E90A /* safari_icon@2x.png */; };
		0CE38A1A158759CC006E0033 /* ExamplesController.m in Sources */ = {isa = PBXBuildFile; fileRef = 0CE38A19158759CC006E0033 /* ExamplesController.m */; };
		0CE38A1D15875A53006E0033 /* Examples.xib in Resources */ = {isa = PBXBuildFile; fileRef = 0CE38A1C15875A53006E0033 /* Examples.xib */; };
		0CE38A2615877154006E0033 /* twitter_icon.png in Resources */ = {isa = PBXBuildFile; fileRef = 0CE38A2515877154006E0033 /* twitter_icon.png */; };
		0CE38A28158771B8006E0033 /* email_icon.png in Resources */ = {isa = PBXBuildFile; fileRef = 0CE38A27158771B8006E0033 /* email_icon.png */; };
		0CE38A2A15877216006E0033 /* safari_icon.png in Resources */ = {isa = PBXBuildFile; fileRef = 0CE38A2915877216006E0033 /* safari_icon.png */; };
		0CE38A31158B4953006E0033 /* MessageUI.framework in Frameworks */ = {isa = PBXBuildFile; fileRef = 0CE38A30158B4953006E0033 /* MessageUI.framework */; };
/* End PBXBuildFile section */

/* Begin PBXFileReference section */
		0C0A7971158CBAEE006176ED /* ExamplesControllerDelegate.h */ = {isa = PBXFileReference; fileEncoding = 4; lastKnownFileType = sourcecode.c.h; path = ExamplesControllerDelegate.h; sourceTree = "<group>"; };
		0C0A7974158CCB1B006176ED /* loading1.png */ = {isa = PBXFileReference; lastKnownFileType = image.png; path = loading1.png; sourceTree = "<group>"; };
		0C0A7975158CCB1B006176ED /* loading10.png */ = {isa = PBXFileReference; lastKnownFileType = image.png; path = loading10.png; sourceTree = "<group>"; };
		0C0A7976158CCB1B006176ED /* loading2.png */ = {isa = PBXFileReference; lastKnownFileType = image.png; path = loading2.png; sourceTree = "<group>"; };
		0C0A7977158CCB1B006176ED /* loading3.png */ = {isa = PBXFileReference; lastKnownFileType = image.png; path = loading3.png; sourceTree = "<group>"; };
		0C0A7978158CCB1B006176ED /* loading4.png */ = {isa = PBXFileReference; lastKnownFileType = image.png; path = loading4.png; sourceTree = "<group>"; };
		0C0A7979158CCB1B006176ED /* loading5.png */ = {isa = PBXFileReference; lastKnownFileType = image.png; path = loading5.png; sourceTree = "<group>"; };
		0C0A797A158CCB1B006176ED /* loading6.png */ = {isa = PBXFileReference; lastKnownFileType = image.png; path = loading6.png; sourceTree = "<group>"; };
		0C0A797B158CCB1B006176ED /* loading7.png */ = {isa = PBXFileReference; lastKnownFileType = image.png; path = loading7.png; sourceTree = "<group>"; };
		0C0A797C158CCB1B006176ED /* loading8.png */ = {isa = PBXFileReference; lastKnownFileType = image.png; path = loading8.png; sourceTree = "<group>"; };
		0C0A797D158CCB1B006176ED /* loading9.png */ = {isa = PBXFileReference; lastKnownFileType = image.png; path = loading9.png; sourceTree = "<group>"; };
		0C0A7988158CD5C9006176ED /* Icon-512.png */ = {isa = PBXFileReference; lastKnownFileType = image.png; path = "Icon-512.png"; sourceTree = "<group>"; };
		0C0A7989158CD5C9006176ED /* Icon.png */ = {isa = PBXFileReference; lastKnownFileType = image.png; path = Icon.png; sourceTree = "<group>"; };
		0C0A798A158CD5C9006176ED /* Icon@2x.png */ = {isa = PBXFileReference; lastKnownFileType = image.png; path = "Icon@2x.png"; sourceTree = "<group>"; };
		0C0A798E158CDDE2006176ED /* info_icon@2x.png */ = {isa = PBXFileReference; lastKnownFileType = image.png; path = "info_icon@2x.png"; sourceTree = "<group>"; };
		0C0A7990158F4621006176ED /* NSString+md5.h */ = {isa = PBXFileReference; fileEncoding = 4; lastKnownFileType = sourcecode.c.h; path = "NSString+md5.h"; sourceTree = "<group>"; };
		0C0A7991158F4622006176ED /* NSString+md5.m */ = {isa = PBXFileReference; fileEncoding = 4; lastKnownFileType = sourcecode.c.objc; path = "NSString+md5.m"; sourceTree = "<group>"; };
		0C54265D1584CD720092AE75 /* Info.xib */ = {isa = PBXFileReference; fileEncoding = 4; lastKnownFileType = file.xib; path = Info.xib; sourceTree = "<group>"; };
		0C5426601584CDBC0092AE75 /* InfoController.h */ = {isa = PBXFileReference; fileEncoding = 4; lastKnownFileType = sourcecode.c.h; path = InfoController.h; sourceTree = "<group>"; };
		0C5426611584CDBC0092AE75 /* InfoController.m */ = {isa = PBXFileReference; fileEncoding = 4; lastKnownFileType = sourcecode.c.objc; path = InfoController.m; sourceTree = "<group>"; };
		0C5426661584D8CA0092AE75 /* UIView+FirstResponder.h */ = {isa = PBXFileReference; fileEncoding = 4; lastKnownFileType = sourcecode.c.h; path = "UIView+FirstResponder.h"; sourceTree = "<group>"; };
		0C5426671584D8CA0092AE75 /* UIView+FirstResponder.m */ = {isa = PBXFileReference; fileEncoding = 4; lastKnownFileType = sourcecode.c.objc; path = "UIView+FirstResponder.m"; sourceTree = "<group>"; };
		0C54266B1584DD100092AE75 /* ASIAuthenticationDialog.h */ = {isa = PBXFileReference; fileEncoding = 4; lastKnownFileType = sourcecode.c.h; path = ASIAuthenticationDialog.h; sourceTree = "<group>"; };
		0C54266C1584DD100092AE75 /* ASIAuthenticationDialog.m */ = {isa = PBXFileReference; fileEncoding = 4; lastKnownFileType = sourcecode.c.objc; path = ASIAuthenticationDialog.m; sourceTree = "<group>"; };
		0C54266D1584DD100092AE75 /* ASICacheDelegate.h */ = {isa = PBXFileReference; fileEncoding = 4; lastKnownFileType = sourcecode.c.h; path = ASICacheDelegate.h; sourceTree = "<group>"; };
		0C54266E1584DD100092AE75 /* ASIDataCompressor.h */ = {isa = PBXFileReference; fileEncoding = 4; lastKnownFileType = sourcecode.c.h; path = ASIDataCompressor.h; sourceTree = "<group>"; };
		0C54266F1584DD100092AE75 /* ASIDataCompressor.m */ = {isa = PBXFileReference; fileEncoding = 4; lastKnownFileType = sourcecode.c.objc; path = ASIDataCompressor.m; sourceTree = "<group>"; };
		0C5426701584DD100092AE75 /* ASIDataDecompressor.h */ = {isa = PBXFileReference; fileEncoding = 4; lastKnownFileType = sourcecode.c.h; path = ASIDataDecompressor.h; sourceTree = "<group>"; };
		0C5426711584DD100092AE75 /* ASIDataDecompressor.m */ = {isa = PBXFileReference; fileEncoding = 4; lastKnownFileType = sourcecode.c.objc; path = ASIDataDecompressor.m; sourceTree = "<group>"; };
		0C5426721584DD100092AE75 /* ASIDownloadCache.h */ = {isa = PBXFileReference; fileEncoding = 4; lastKnownFileType = sourcecode.c.h; path = ASIDownloadCache.h; sourceTree = "<group>"; };
		0C5426731584DD100092AE75 /* ASIDownloadCache.m */ = {isa = PBXFileReference; fileEncoding = 4; lastKnownFileType = sourcecode.c.objc; path = ASIDownloadCache.m; sourceTree = "<group>"; };
		0C5426741584DD100092AE75 /* ASIFormDataRequest.h */ = {isa = PBXFileReference; fileEncoding = 4; lastKnownFileType = sourcecode.c.h; path = ASIFormDataRequest.h; sourceTree = "<group>"; };
		0C5426751584DD100092AE75 /* ASIFormDataRequest.m */ = {isa = PBXFileReference; fileEncoding = 4; lastKnownFileType = sourcecode.c.objc; path = ASIFormDataRequest.m; sourceTree = "<group>"; };
		0C5426761584DD100092AE75 /* ASIHTTPRequest.h */ = {isa = PBXFileReference; fileEncoding = 4; lastKnownFileType = sourcecode.c.h; path = ASIHTTPRequest.h; sourceTree = "<group>"; };
		0C5426771584DD100092AE75 /* ASIHTTPRequest.m */ = {isa = PBXFileReference; fileEncoding = 4; lastKnownFileType = sourcecode.c.objc; path = ASIHTTPRequest.m; sourceTree = "<group>"; };
		0C5426781584DD100092AE75 /* ASIHTTPRequestConfig.h */ = {isa = PBXFileReference; fileEncoding = 4; lastKnownFileType = sourcecode.c.h; path = ASIHTTPRequestConfig.h; sourceTree = "<group>"; };
		0C5426791584DD100092AE75 /* ASIHTTPRequestDelegate.h */ = {isa = PBXFileReference; fileEncoding = 4; lastKnownFileType = sourcecode.c.h; path = ASIHTTPRequestDelegate.h; sourceTree = "<group>"; };
		0C54267A1584DD100092AE75 /* ASIInputStream.h */ = {isa = PBXFileReference; fileEncoding = 4; lastKnownFileType = sourcecode.c.h; path = ASIInputStream.h; sourceTree = "<group>"; };
		0C54267B1584DD100092AE75 /* ASIInputStream.m */ = {isa = PBXFileReference; fileEncoding = 4; lastKnownFileType = sourcecode.c.objc; path = ASIInputStream.m; sourceTree = "<group>"; };
		0C54267C1584DD100092AE75 /* ASINetworkQueue.h */ = {isa = PBXFileReference; fileEncoding = 4; lastKnownFileType = sourcecode.c.h; path = ASINetworkQueue.h; sourceTree = "<group>"; };
		0C54267D1584DD100092AE75 /* ASINetworkQueue.m */ = {isa = PBXFileReference; fileEncoding = 4; lastKnownFileType = sourcecode.c.objc; path = ASINetworkQueue.m; sourceTree = "<group>"; };
		0C54267E1584DD100092AE75 /* ASIProgressDelegate.h */ = {isa = PBXFileReference; fileEncoding = 4; lastKnownFileType = sourcecode.c.h; path = ASIProgressDelegate.h; sourceTree = "<group>"; };
		0C5426801584DD100092AE75 /* CDataScanner.h */ = {isa = PBXFileReference; fileEncoding = 4; lastKnownFileType = sourcecode.c.h; path = CDataScanner.h; sourceTree = "<group>"; };
		0C5426811584DD100092AE75 /* CDataScanner.m */ = {isa = PBXFileReference; fileEncoding = 4; lastKnownFileType = sourcecode.c.objc; path = CDataScanner.m; sourceTree = "<group>"; };
		0C5426821584DD100092AE75 /* CDataScanner_Extensions.h */ = {isa = PBXFileReference; fileEncoding = 4; lastKnownFileType = sourcecode.c.h; path = CDataScanner_Extensions.h; sourceTree = "<group>"; };
		0C5426831584DD100092AE75 /* CDataScanner_Extensions.m */ = {isa = PBXFileReference; fileEncoding = 4; lastKnownFileType = sourcecode.c.objc; path = CDataScanner_Extensions.m; sourceTree = "<group>"; };
		0C5426841584DD100092AE75 /* CJSONDeserializer.h */ = {isa = PBXFileReference; fileEncoding = 4; lastKnownFileType = sourcecode.c.h; path = CJSONDeserializer.h; sourceTree = "<group>"; };
		0C5426851584DD100092AE75 /* CJSONDeserializer.m */ = {isa = PBXFileReference; fileEncoding = 4; lastKnownFileType = sourcecode.c.objc; path = CJSONDeserializer.m; sourceTree = "<group>"; };
		0C5426861584DD100092AE75 /* CJSONScanner.h */ = {isa = PBXFileReference; fileEncoding = 4; lastKnownFileType = sourcecode.c.h; path = CJSONScanner.h; sourceTree = "<group>"; };
		0C5426871584DD100092AE75 /* CJSONScanner.m */ = {isa = PBXFileReference; fileEncoding = 4; lastKnownFileType = sourcecode.c.objc; path = CJSONScanner.m; sourceTree = "<group>"; };
		0C5426881584DD100092AE75 /* CJSONSerializer.h */ = {isa = PBXFileReference; fileEncoding = 4; lastKnownFileType = sourcecode.c.h; path = CJSONSerializer.h; sourceTree = "<group>"; };
		0C5426891584DD100092AE75 /* CJSONSerializer.m */ = {isa = PBXFileReference; fileEncoding = 4; lastKnownFileType = sourcecode.c.objc; path = CJSONSerializer.m; sourceTree = "<group>"; };
		0C54268A1584DD100092AE75 /* JSONRepresentation.h */ = {isa = PBXFileReference; fileEncoding = 4; lastKnownFileType = sourcecode.c.h; path = JSONRepresentation.h; sourceTree = "<group>"; };
		0C54268B1584DD100092AE75 /* NSDictionary_JSONExtensions.h */ = {isa = PBXFileReference; fileEncoding = 4; lastKnownFileType = sourcecode.c.h; path = NSDictionary_JSONExtensions.h; sourceTree = "<group>"; };
		0C54268C1584DD100092AE75 /* NSDictionary_JSONExtensions.m */ = {isa = PBXFileReference; fileEncoding = 4; lastKnownFileType = sourcecode.c.objc; path = NSDictionary_JSONExtensions.m; sourceTree = "<group>"; };
		0C5426A61584DF750092AE75 /* Reachability.h */ = {isa = PBXFileReference; fileEncoding = 4; lastKnownFileType = sourcecode.c.h; path = Reachability.h; sourceTree = "<group>"; };
		0C5426A71584DF750092AE75 /* Reachability.m */ = {isa = PBXFileReference; fileEncoding = 4; lastKnownFileType = sourcecode.c.objc; path = Reachability.m; sourceTree = "<group>"; };
		0C5426AA1584E0250092AE75 /* CFNetwork.framework */ = {isa = PBXFileReference; lastKnownFileType = wrapper.framework; name = CFNetwork.framework; path = System/Library/Frameworks/CFNetwork.framework; sourceTree = SDKROOT; };
		0C5426B01584E0570092AE75 /* SystemConfiguration.framework */ = {isa = PBXFileReference; lastKnownFileType = wrapper.framework; name = SystemConfiguration.framework; path = System/Library/Frameworks/SystemConfiguration.framework; sourceTree = SDKROOT; };
		0C5426B21584E09D0092AE75 /* libz.dylib */ = {isa = PBXFileReference; lastKnownFileType = "compiled.mach-o.dylib"; name = libz.dylib; path = usr/lib/libz.dylib; sourceTree = SDKROOT; };
		0C5426B41584E0A50092AE75 /* MobileCoreServices.framework */ = {isa = PBXFileReference; lastKnownFileType = wrapper.framework; name = MobileCoreServices.framework; path = System/Library/Frameworks/MobileCoreServices.framework; sourceTree = SDKROOT; };
		0C5426BE1584E67D0092AE75 /* NSString+EncodeUrl.h */ = {isa = PBXFileReference; fileEncoding = 4; lastKnownFileType = sourcecode.c.h; path = "NSString+EncodeUrl.h"; sourceTree = "<group>"; };
		0C5426BF1584E67D0092AE75 /* NSString+EncodeUrl.m */ = {isa = PBXFileReference; fileEncoding = 4; lastKnownFileType = sourcecode.c.objc; path = "NSString+EncodeUrl.m"; sourceTree = "<group>"; };
		0C5426C11584EA9C0092AE75 /* clear_question.png */ = {isa = PBXFileReference; lastKnownFileType = image.png; path = clear_question.png; sourceTree = "<group>"; };
		0C82C8FE158C308E00AC8ECC /* TPKeyboardAvoidingScrollView.h */ = {isa = PBXFileReference; fileEncoding = 4; lastKnownFileType = sourcecode.c.h; path = TPKeyboardAvoidingScrollView.h; sourceTree = "<group>"; };
		0C82C8FF158C308E00AC8ECC /* TPKeyboardAvoidingScrollView.m */ = {isa = PBXFileReference; fileEncoding = 4; lastKnownFileType = sourcecode.c.objc; path = TPKeyboardAvoidingScrollView.m; sourceTree = "<group>"; };
		0C82C902158C92CB00AC8ECC /* ExampleQuestionsManager.h */ = {isa = PBXFileReference; fileEncoding = 4; lastKnownFileType = sourcecode.c.h; path = ExampleQuestionsManager.h; sourceTree = "<group>"; };
		0C82C903158C92CB00AC8ECC /* ExampleQuestionsManager.m */ = {isa = PBXFileReference; fileEncoding = 4; lastKnownFileType = sourcecode.c.objc; path = ExampleQuestionsManager.m; sourceTree = "<group>"; };
		0C82C909158C933C00AC8ECC /* ExampleQuestionSection.h */ = {isa = PBXFileReference; fileEncoding = 4; lastKnownFileType = sourcecode.c.h; path = ExampleQuestionSection.h; sourceTree = "<group>"; };
		0C82C90A158C933C00AC8ECC /* ExampleQuestionSection.m */ = {isa = PBXFileReference; fileEncoding = 4; lastKnownFileType = sourcecode.c.objc; path = ExampleQuestionSection.m; sourceTree = "<group>"; };
		0C9DFE8D1583732000A1700E /* Natural Date and Time.app */ = {isa = PBXFileReference; explicitFileType = wrapper.application; includeInIndex = 0; path = "Natural Date and Time.app"; sourceTree = BUILT_PRODUCTS_DIR; };
		0C9DFE911583732000A1700E /* UIKit.framework */ = {isa = PBXFileReference; lastKnownFileType = wrapper.framework; name = UIKit.framework; path = System/Library/Frameworks/UIKit.framework; sourceTree = SDKROOT; };
		0C9DFE931583732000A1700E /* Foundation.framework */ = {isa = PBXFileReference; lastKnownFileType = wrapper.framework; name = Foundation.framework; path = System/Library/Frameworks/Foundation.framework; sourceTree = SDKROOT; };
		0C9DFE951583732000A1700E /* CoreGraphics.framework */ = {isa = PBXFileReference; lastKnownFileType = wrapper.framework; name = CoreGraphics.framework; path = System/Library/Frameworks/CoreGraphics.framework; sourceTree = SDKROOT; };
		0C9DFEBC1583793F00A1700E /* AppDelegate.h */ = {isa = PBXFileReference; fileEncoding = 4; lastKnownFileType = sourcecode.c.h; path = AppDelegate.h; sourceTree = "<group>"; };
		0C9DFEBD1583793F00A1700E /* AppDelegate.m */ = {isa = PBXFileReference; fileEncoding = 4; lastKnownFileType = sourcecode.c.objc; path = AppDelegate.m; sourceTree = "<group>"; };
		0C9DFEBE1583793F00A1700E /* main.m */ = {isa = PBXFileReference; fileEncoding = 4; lastKnownFileType = sourcecode.c.objc; path = main.m; sourceTree = "<group>"; };
		0C9DFEBF1583793F00A1700E /* QuestionController.h */ = {isa = PBXFileReference; fileEncoding = 4; lastKnownFileType = sourcecode.c.h; path = QuestionController.h; sourceTree = "<group>"; };
		0C9DFEC01583793F00A1700E /* QuestionController.m */ = {isa = PBXFileReference; fileEncoding = 4; lastKnownFileType = sourcecode.c.objc; path = QuestionController.m; sourceTree = "<group>"; };
		0C9DFEC41583795F00A1700E /* NaturalDateAndTime-Info.plist */ = {isa = PBXFileReference; lastKnownFileType = text.plist.xml; name = "NaturalDateAndTime-Info.plist"; path = "Supporting Files/NaturalDateAndTime-Info.plist"; sourceTree = SOURCE_ROOT; };
		0C9DFEC51583795F00A1700E /* NaturalDateAndTime-Prefix.pch */ = {isa = PBXFileReference; lastKnownFileType = sourcecode.c.h; name = "NaturalDateAndTime-Prefix.pch"; path = "Supporting Files/NaturalDateAndTime-Prefix.pch"; sourceTree = SOURCE_ROOT; };
		0C9DFECC158379CD00A1700E /* Question.xib */ = {isa = PBXFileReference; fileEncoding = 4; lastKnownFileType = file.xib; path = Question.xib; sourceTree = "<group>"; };
		0C9DFECF15837A0300A1700E /* naturaldateandtime.png */ = {isa = PBXFileReference; lastKnownFileType = image.png; path = naturaldateandtime.png; sourceTree = "<group>"; };
		0CBCB90A158B6B350002E90A /* naturaldateandtime@2x.png */ = {isa = PBXFileReference; lastKnownFileType = image.png; path = "naturaldateandtime@2x.png"; sourceTree = "<group>"; };
		0CBCB90F158B6E4B0002E90A /* info_icon.png */ = {isa = PBXFileReference; lastKnownFileType = image.png; path = info_icon.png; sourceTree = "<group>"; };
		0CBCB911158B706E0002E90A /* clear_question@2x.png */ = {isa = PBXFileReference; lastKnownFileType = image.png; path = "clear_question@2x.png"; sourceTree = "<group>"; };
		0CBCB913158B74EA0002E90A /* twitter_icon@2x.png */ = {isa = PBXFileReference; lastKnownFileType = image.png; path = "twitter_icon@2x.png"; sourceTree = "<group>"; };
		0CBCB915158B75020002E90A /* safari_icon@2x.png */ = {isa = PBXFileReference; lastKnownFileType = image.png; path = "safari_icon@2x.png"; sourceTree = "<group>"; };
		0CE38A18158759CC006E0033 /* ExamplesController.h */ = {isa = PBXFileReference; fileEncoding = 4; lastKnownFileType = sourcecode.c.h; path = ExamplesController.h; sourceTree = "<group>"; };
		0CE38A19158759CC006E0033 /* ExamplesController.m */ = {isa = PBXFileReference; fileEncoding = 4; lastKnownFileType = sourcecode.c.objc; path = ExamplesController.m; sourceTree = "<group>"; };
		0CE38A1C15875A53006E0033 /* Examples.xib */ = {isa = PBXFileReference; fileEncoding = 4; lastKnownFileType = file.xib; path = Examples.xib; sourceTree = "<group>"; };
		0CE38A2515877154006E0033 /* twitter_icon.png */ = {isa = PBXFileReference; lastKnownFileType = image.png; path = twitter_icon.png; sourceTree = "<group>"; };
		0CE38A27158771B8006E0033 /* email_icon.png */ = {isa = PBXFileReference; lastKnownFileType = image.png; path = email_icon.png; sourceTree = "<group>"; };
		0CE38A2915877216006E0033 /* safari_icon.png */ = {isa = PBXFileReference; lastKnownFileType = image.png; path = safari_icon.png; sourceTree = "<group>"; };
		0CE38A2B158B47CD006E0033 /* ApplicationSettings.h */ = {isa = PBXFileReference; lastKnownFileType = sourcecode.c.h; path = ApplicationSettings.h; sourceTree = "<group>"; };
		0CE38A30158B4953006E0033 /* MessageUI.framework */ = {isa = PBXFileReference; lastKnownFileType = wrapper.framework; name = MessageUI.framework; path = System/Library/Frameworks/MessageUI.framework; sourceTree = SDKROOT; };
/* End PBXFileReference section */

/* Begin PBXFrameworksBuildPhase section */
		0C9DFE8A1583732000A1700E /* Frameworks */ = {
			isa = PBXFrameworksBuildPhase;
			buildActionMask = 2147483647;
			files = (
				0CE38A31158B4953006E0033 /* MessageUI.framework in Frameworks */,
				0C5426B51584E0A50092AE75 /* MobileCoreServices.framework in Frameworks */,
				0C5426B31584E09D0092AE75 /* libz.dylib in Frameworks */,
				0C5426B11584E0570092AE75 /* SystemConfiguration.framework in Frameworks */,
				0C5426AB1584E0250092AE75 /* CFNetwork.framework in Frameworks */,
				0C9DFE921583732000A1700E /* UIKit.framework in Frameworks */,
				0C9DFE941583732000A1700E /* Foundation.framework in Frameworks */,
				0C9DFE961583732000A1700E /* CoreGraphics.framework in Frameworks */,
			);
			runOnlyForDeploymentPostprocessing = 0;
		};
/* End PBXFrameworksBuildPhase section */

/* Begin PBXGroup section */
		0C0A7973158CCB1B006176ED /* loading */ = {
			isa = PBXGroup;
			children = (
				0C0A7974158CCB1B006176ED /* loading1.png */,
				0C0A7975158CCB1B006176ED /* loading10.png */,
				0C0A7976158CCB1B006176ED /* loading2.png */,
				0C0A7977158CCB1B006176ED /* loading3.png */,
				0C0A7978158CCB1B006176ED /* loading4.png */,
				0C0A7979158CCB1B006176ED /* loading5.png */,
				0C0A797A158CCB1B006176ED /* loading6.png */,
				0C0A797B158CCB1B006176ED /* loading7.png */,
				0C0A797C158CCB1B006176ED /* loading8.png */,
				0C0A797D158CCB1B006176ED /* loading9.png */,
			);
			path = loading;
			sourceTree = "<group>";
		};
		0C5426691584DD100092AE75 /* Libraries */ = {
			isa = PBXGroup;
			children = (
				0C5426A51584DF750092AE75 /* Reachability */,
				0C54266A1584DD100092AE75 /* ASIHTTPRequest */,
				0C54267F1584DD100092AE75 /* TouchJSON */,
			);
			path = Libraries;
			sourceTree = "<group>";
		};
		0C54266A1584DD100092AE75 /* ASIHTTPRequest */ = {
			isa = PBXGroup;
			children = (
				0C54266B1584DD100092AE75 /* ASIAuthenticationDialog.h */,
				0C54266C1584DD100092AE75 /* ASIAuthenticationDialog.m */,
				0C54266D1584DD100092AE75 /* ASICacheDelegate.h */,
				0C54266E1584DD100092AE75 /* ASIDataCompressor.h */,
				0C54266F1584DD100092AE75 /* ASIDataCompressor.m */,
				0C5426701584DD100092AE75 /* ASIDataDecompressor.h */,
				0C5426711584DD100092AE75 /* ASIDataDecompressor.m */,
				0C5426721584DD100092AE75 /* ASIDownloadCache.h */,
				0C5426731584DD100092AE75 /* ASIDownloadCache.m */,
				0C5426741584DD100092AE75 /* ASIFormDataRequest.h */,
				0C5426751584DD100092AE75 /* ASIFormDataRequest.m */,
				0C5426761584DD100092AE75 /* ASIHTTPRequest.h */,
				0C5426771584DD100092AE75 /* ASIHTTPRequest.m */,
				0C5426781584DD100092AE75 /* ASIHTTPRequestConfig.h */,
				0C5426791584DD100092AE75 /* ASIHTTPRequestDelegate.h */,
				0C54267A1584DD100092AE75 /* ASIInputStream.h */,
				0C54267B1584DD100092AE75 /* ASIInputStream.m */,
				0C54267C1584DD100092AE75 /* ASINetworkQueue.h */,
				0C54267D1584DD100092AE75 /* ASINetworkQueue.m */,
				0C54267E1584DD100092AE75 /* ASIProgressDelegate.h */,
			);
			path = ASIHTTPRequest;
			sourceTree = "<group>";
		};
		0C54267F1584DD100092AE75 /* TouchJSON */ = {
			isa = PBXGroup;
			children = (
				0C5426801584DD100092AE75 /* CDataScanner.h */,
				0C5426811584DD100092AE75 /* CDataScanner.m */,
				0C5426821584DD100092AE75 /* CDataScanner_Extensions.h */,
				0C5426831584DD100092AE75 /* CDataScanner_Extensions.m */,
				0C5426841584DD100092AE75 /* CJSONDeserializer.h */,
				0C5426851584DD100092AE75 /* CJSONDeserializer.m */,
				0C5426861584DD100092AE75 /* CJSONScanner.h */,
				0C5426871584DD100092AE75 /* CJSONScanner.m */,
				0C5426881584DD100092AE75 /* CJSONSerializer.h */,
				0C5426891584DD100092AE75 /* CJSONSerializer.m */,
				0C54268A1584DD100092AE75 /* JSONRepresentation.h */,
				0C54268B1584DD100092AE75 /* NSDictionary_JSONExtensions.h */,
				0C54268C1584DD100092AE75 /* NSDictionary_JSONExtensions.m */,
			);
			path = TouchJSON;
			sourceTree = "<group>";
		};
		0C5426A51584DF750092AE75 /* Reachability */ = {
			isa = PBXGroup;
			children = (
				0C5426A61584DF750092AE75 /* Reachability.h */,
				0C5426A71584DF750092AE75 /* Reachability.m */,
			);
			path = Reachability;
			sourceTree = "<group>";
		};
		0C9DFE821583732000A1700E = {
			isa = PBXGroup;
			children = (
				0CE38A30158B4953006E0033 /* MessageUI.framework */,
				0C9DFE971583732000A1700E /* NaturalDateAndTime */,
				0C9DFE901583732000A1700E /* Frameworks */,
				0C9DFE8E1583732000A1700E /* Products */,
			);
			sourceTree = "<group>";
		};
		0C9DFE8E1583732000A1700E /* Products */ = {
			isa = PBXGroup;
			children = (
				0C9DFE8D1583732000A1700E /* Natural Date and Time.app */,
			);
			name = Products;
			sourceTree = "<group>";
		};
		0C9DFE901583732000A1700E /* Frameworks */ = {
			isa = PBXGroup;
			children = (
				0C5426B41584E0A50092AE75 /* MobileCoreServices.framework */,
				0C5426B21584E09D0092AE75 /* libz.dylib */,
				0C5426B01584E0570092AE75 /* SystemConfiguration.framework */,
				0C5426AA1584E0250092AE75 /* CFNetwork.framework */,
				0C9DFE911583732000A1700E /* UIKit.framework */,
				0C9DFE931583732000A1700E /* Foundation.framework */,
				0C9DFE951583732000A1700E /* CoreGraphics.framework */,
			);
			name = Frameworks;
			sourceTree = "<group>";
		};
		0C9DFE971583732000A1700E /* NaturalDateAndTime */ = {
			isa = PBXGroup;
			children = (
				0C9DFECB158379CD00A1700E /* Views */,
				0C9DFEBB1583793F00A1700E /* Classes */,
				0C9DFE981583732000A1700E /* Supporting Files */,
			);
			name = NaturalDateAndTime;
			path = NaturalTime;
			sourceTree = "<group>";
		};
		0C9DFE981583732000A1700E /* Supporting Files */ = {
			isa = PBXGroup;
			children = (
				0C9DFECE15837A0300A1700E /* images */,
				0C9DFEC41583795F00A1700E /* NaturalDateAndTime-Info.plist */,
				0C9DFEC51583795F00A1700E /* NaturalDateAndTime-Prefix.pch */,
			);
			name = "Supporting Files";
			sourceTree = "<group>";
		};
		0C9DFEBB1583793F00A1700E /* Classes */ = {
			isa = PBXGroup;
			children = (
				0C5426691584DD100092AE75 /* Libraries */,
				0C9DFEBC1583793F00A1700E /* AppDelegate.h */,
				0C9DFEBD1583793F00A1700E /* AppDelegate.m */,
				0C9DFEBE1583793F00A1700E /* main.m */,
				0C9DFEBF1583793F00A1700E /* QuestionController.h */,
				0C9DFEC01583793F00A1700E /* QuestionController.m */,
				0C5426601584CDBC0092AE75 /* InfoController.h */,
				0C5426611584CDBC0092AE75 /* InfoController.m */,
				0C5426661584D8CA0092AE75 /* UIView+FirstResponder.h */,
				0C5426671584D8CA0092AE75 /* UIView+FirstResponder.m */,
				0C5426BE1584E67D0092AE75 /* NSString+EncodeUrl.h */,
				0C5426BF1584E67D0092AE75 /* NSString+EncodeUrl.m */,
				0CE38A18158759CC006E0033 /* ExamplesController.h */,
				0CE38A19158759CC006E0033 /* ExamplesController.m */,
				0CE38A2B158B47CD006E0033 /* ApplicationSettings.h */,
				0C82C8FE158C308E00AC8ECC /* TPKeyboardAvoidingScrollView.h */,
				0C82C8FF158C308E00AC8ECC /* TPKeyboardAvoidingScrollView.m */,
				0C82C902158C92CB00AC8ECC /* ExampleQuestionsManager.h */,
				0C82C903158C92CB00AC8ECC /* ExampleQuestionsManager.m */,
				0C82C909158C933C00AC8ECC /* ExampleQuestionSection.h */,
				0C82C90A158C933C00AC8ECC /* ExampleQuestionSection.m */,
				0C0A7971158CBAEE006176ED /* ExamplesControllerDelegate.h */,
				0C0A7990158F4621006176ED /* NSString+md5.h */,
				0C0A7991158F4622006176ED /* NSString+md5.m */,
			);
			path = Classes;
			sourceTree = SOURCE_ROOT;
		};
		0C9DFECB158379CD00A1700E /* Views */ = {
			isa = PBXGroup;
			children = (
				0C9DFECC158379CD00A1700E /* Question.xib */,
				0C54265D1584CD720092AE75 /* Info.xib */,
				0CE38A1C15875A53006E0033 /* Examples.xib */,
			);
			path = Views;
			sourceTree = SOURCE_ROOT;
		};
		0C9DFECE15837A0300A1700E /* images */ = {
			isa = PBXGroup;
			children = (
				0C0A798E158CDDE2006176ED /* info_icon@2x.png */,
				0C0A7988158CD5C9006176ED /* Icon-512.png */,
				0C0A7989158CD5C9006176ED /* Icon.png */,
				0C0A798A158CD5C9006176ED /* Icon@2x.png */,
				0C0A7973158CCB1B006176ED /* loading */,
				0CBCB915158B75020002E90A /* safari_icon@2x.png */,
				0CBCB913158B74EA0002E90A /* twitter_icon@2x.png */,
				0CBCB911158B706E0002E90A /* clear_question@2x.png */,
				0CBCB90F158B6E4B0002E90A /* info_icon.png */,
				0CBCB90A158B6B350002E90A /* naturaldateandtime@2x.png */,
				0CE38A2915877216006E0033 /* safari_icon.png */,
				0CE38A27158771B8006E0033 /* email_icon.png */,
				0CE38A2515877154006E0033 /* twitter_icon.png */,
				0C5426C11584EA9C0092AE75 /* clear_question.png */,
				0C9DFECF15837A0300A1700E /* naturaldateandtime.png */,
			);
			name = images;
			path = "Supporting Files/images";
			sourceTree = SOURCE_ROOT;
		};
/* End PBXGroup section */

/* Begin PBXNativeTarget section */
		0C9DFE8C1583732000A1700E /* NaturalDateAndTime */ = {
			isa = PBXNativeTarget;
			buildConfigurationList = 0C9DFEAB1583732000A1700E /* Build configuration list for PBXNativeTarget "NaturalDateAndTime" */;
			buildPhases = (
				0C9DFE891583732000A1700E /* Sources */,
				0C9DFE8A1583732000A1700E /* Frameworks */,
				0C9DFE8B1583732000A1700E /* Resources */,
			);
			buildRules = (
			);
			dependencies = (
			);
			name = NaturalDateAndTime;
			productName = NaturalTime;
			productReference = 0C9DFE8D1583732000A1700E /* Natural Date and Time.app */;
			productType = "com.apple.product-type.application";
		};
/* End PBXNativeTarget section */

/* Begin PBXProject section */
		0C9DFE841583732000A1700E /* Project object */ = {
			isa = PBXProject;
			attributes = {
				LastUpgradeCheck = 0430;
			};
			buildConfigurationList = 0C9DFE871583732000A1700E /* Build configuration list for PBXProject "NaturalDateAndTime" */;
			compatibilityVersion = "Xcode 3.2";
			developmentRegion = English;
			hasScannedForEncodings = 0;
			knownRegions = (
				en,
			);
			mainGroup = 0C9DFE821583732000A1700E;
			productRefGroup = 0C9DFE8E1583732000A1700E /* Products */;
			projectDirPath = "";
			projectRoot = "";
			targets = (
				0C9DFE8C1583732000A1700E /* NaturalDateAndTime */,
			);
		};
/* End PBXProject section */

/* Begin PBXResourcesBuildPhase section */
		0C9DFE8B1583732000A1700E /* Resources */ = {
			isa = PBXResourcesBuildPhase;
			buildActionMask = 2147483647;
			files = (
				0C9DFECD158379CD00A1700E /* Question.xib in Resources */,
				0C9DFED015837A0300A1700E /* naturaldateandtime.png in Resources */,
				0C54265E1584CD720092AE75 /* Info.xib in Resources */,
				0C5426C21584EA9C0092AE75 /* clear_question.png in Resources */,
				0CE38A1D15875A53006E0033 /* Examples.xib in Resources */,
				0CE38A2615877154006E0033 /* twitter_icon.png in Resources */,
				0CE38A28158771B8006E0033 /* email_icon.png in Resources */,
				0CE38A2A15877216006E0033 /* safari_icon.png in Resources */,
				0CBCB90B158B6B350002E90A /* naturaldateandtime@2x.png in Resources */,
				0CBCB910158B6E4B0002E90A /* info_icon.png in Resources */,
				0CBCB912158B706E0002E90A /* clear_question@2x.png in Resources */,
				0CBCB914158B74EA0002E90A /* twitter_icon@2x.png in Resources */,
				0CBCB916158B75020002E90A /* safari_icon@2x.png in Resources */,
				0C0A797E158CCB1B006176ED /* loading1.png in Resources */,
				0C0A797F158CCB1B006176ED /* loading10.png in Resources */,
				0C0A7980158CCB1B006176ED /* loading2.png in Resources */,
				0C0A7981158CCB1B006176ED /* loading3.png in Resources */,
				0C0A7982158CCB1B006176ED /* loading4.png in Resources */,
				0C0A7983158CCB1B006176ED /* loading5.png in Resources */,
				0C0A7984158CCB1B006176ED /* loading6.png in Resources */,
				0C0A7985158CCB1B006176ED /* loading7.png in Resources */,
				0C0A7986158CCB1B006176ED /* loading8.png in Resources */,
				0C0A7987158CCB1B006176ED /* loading9.png in Resources */,
				0C0A798B158CD5C9006176ED /* Icon-512.png in Resources */,
				0C0A798C158CD5C9006176ED /* Icon.png in Resources */,
				0C0A798D158CD5C9006176ED /* Icon@2x.png in Resources */,
				0C0A798F158CDDE2006176ED /* info_icon@2x.png in Resources */,
			);
			runOnlyForDeploymentPostprocessing = 0;
		};
/* End PBXResourcesBuildPhase section */

/* Begin PBXSourcesBuildPhase section */
		0C9DFE891583732000A1700E /* Sources */ = {
			isa = PBXSourcesBuildPhase;
			buildActionMask = 2147483647;
			files = (
				0C9DFEC11583793F00A1700E /* AppDelegate.m in Sources */,
				0C9DFEC21583793F00A1700E /* main.m in Sources */,
				0C9DFEC31583793F00A1700E /* QuestionController.m in Sources */,
				0C5426621584CDBC0092AE75 /* InfoController.m in Sources */,
				0C5426681584D8CA0092AE75 /* UIView+FirstResponder.m in Sources */,
				0C54268D1584DD100092AE75 /* ASIAuthenticationDialog.m in Sources */,
				0C54268E1584DD100092AE75 /* ASIDataCompressor.m in Sources */,
				0C54268F1584DD100092AE75 /* ASIDataDecompressor.m in Sources */,
				0C5426901584DD100092AE75 /* ASIDownloadCache.m in Sources */,
				0C5426911584DD100092AE75 /* ASIFormDataRequest.m in Sources */,
				0C5426921584DD100092AE75 /* ASIHTTPRequest.m in Sources */,
				0C5426931584DD100092AE75 /* ASIInputStream.m in Sources */,
				0C5426941584DD100092AE75 /* ASINetworkQueue.m in Sources */,
				0C5426951584DD100092AE75 /* CDataScanner.m in Sources */,
				0C5426961584DD100092AE75 /* CDataScanner_Extensions.m in Sources */,
				0C5426971584DD100092AE75 /* CJSONDeserializer.m in Sources */,
				0C5426981584DD100092AE75 /* CJSONScanner.m in Sources */,
				0C5426991584DD100092AE75 /* CJSONSerializer.m in Sources */,
				0C54269A1584DD100092AE75 /* NSDictionary_JSONExtensions.m in Sources */,
				0C5426A81584DF750092AE75 /* Reachability.m in Sources */,
				0C5426C01584E67D0092AE75 /* NSString+EncodeUrl.m in Sources */,
				0CE38A1A158759CC006E0033 /* ExamplesController.m in Sources */,
				0C82C900158C308E00AC8ECC /* TPKeyboardAvoidingScrollView.m in Sources */,
				0C82C904158C92CB00AC8ECC /* ExampleQuestionsManager.m in Sources */,
				0C82C90B158C933C00AC8ECC /* ExampleQuestionSection.m in Sources */,
				0C0A7992158F4622006176ED /* NSString+md5.m in Sources */,
			);
			runOnlyForDeploymentPostprocessing = 0;
		};
/* End PBXSourcesBuildPhase section */

/* Begin XCBuildConfiguration section */
		0C9DFEA91583732000A1700E /* Debug */ = {
			isa = XCBuildConfiguration;
			buildSettings = {
				ALWAYS_SEARCH_USER_PATHS = NO;
				ARCHS = "$(ARCHS_STANDARD_32_BIT)";
				"CODE_SIGN_IDENTITY[sdk=iphoneos*]" = "iPhone Developer";
				COPY_PHASE_STRIP = NO;
				GCC_C_LANGUAGE_STANDARD = gnu99;
				GCC_DYNAMIC_NO_PIC = NO;
				GCC_OPTIMIZATION_LEVEL = 0;
				GCC_PREPROCESSOR_DEFINITIONS = (
					"DEBUG=1",
					"$(inherited)",
				);
				GCC_SYMBOLS_PRIVATE_EXTERN = NO;
				GCC_VERSION = com.apple.compilers.llvm.clang.1_0;
				GCC_WARN_ABOUT_RETURN_TYPE = YES;
				GCC_WARN_UNINITIALIZED_AUTOS = YES;
				GCC_WARN_UNUSED_VARIABLE = YES;
				IPHONEOS_DEPLOYMENT_TARGET = 5.1;
				SDKROOT = iphoneos;
			};
			name = Debug;
		};
		0C9DFEAA1583732000A1700E /* Release */ = {
			isa = XCBuildConfiguration;
			buildSettings = {
				ALWAYS_SEARCH_USER_PATHS = NO;
				ARCHS = "$(ARCHS_STANDARD_32_BIT)";
				"CODE_SIGN_IDENTITY[sdk=iphoneos*]" = "iPhone Distribution";
				COPY_PHASE_STRIP = YES;
				GCC_C_LANGUAGE_STANDARD = gnu99;
				GCC_VERSION = com.apple.compilers.llvm.clang.1_0;
				GCC_WARN_ABOUT_RETURN_TYPE = YES;
				GCC_WARN_UNINITIALIZED_AUTOS = YES;
				GCC_WARN_UNUSED_VARIABLE = YES;
				IPHONEOS_DEPLOYMENT_TARGET = 5.1;
				OTHER_CFLAGS = "-DNS_BLOCK_ASSERTIONS=1";
				"PROVISIONING_PROFILE[sdk=iphoneos*]" = "";
				SDKROOT = iphoneos;
				VALIDATE_PRODUCT = YES;
			};
			name = Release;
		};
		0C9DFEAC1583732000A1700E /* Debug */ = {
			isa = XCBuildConfiguration;
			buildSettings = {
				GCC_PRECOMPILE_PREFIX_HEADER = YES;
				GCC_PREFIX_HEADER = "Supporting Files/NaturalDateAndTime-Prefix.pch";
				INFOPLIST_FILE = "Supporting Files/NaturalDateAndTime-Info.plist";
				PRODUCT_NAME = "Natural Date and Time";
				WRAPPER_EXTENSION = app;
			};
			name = Debug;
		};
		0C9DFEAD1583732000A1700E /* Release */ = {
			isa = XCBuildConfiguration;
			buildSettings = {
				GCC_PRECOMPILE_PREFIX_HEADER = YES;
				GCC_PREFIX_HEADER = "Supporting Files/NaturalDateAndTime-Prefix.pch";
				INFOPLIST_FILE = "Supporting Files/NaturalDateAndTime-Info.plist";
				PRODUCT_NAME = "Natural Date and Time";
				WRAPPER_EXTENSION = app;
			};
			name = Release;
		};
/* End XCBuildConfiguration section */

/* Begin XCConfigurationList section */
		0C9DFE871583732000A1700E /* Build configuration list for PBXProject "NaturalDateAndTime" */ = {
			isa = XCConfigurationList;
			buildConfigurations = (
				0C9DFEA91583732000A1700E /* Debug */,
				0C9DFEAA1583732000A1700E /* Release */,
			);
			defaultConfigurationIsVisible = 0;
			defaultConfigurationName = Release;
		};
		0C9DFEAB1583732000A1700E /* Build configuration list for PBXNativeTarget "NaturalDateAndTime" */ = {
			isa = XCConfigurationList;
			buildConfigurations = (
				0C9DFEAC1583732000A1700E /* Debug */,
				0C9DFEAD1583732000A1700E /* Release */,
			);
			defaultConfigurationIsVisible = 0;
			defaultConfigurationName = Release;
		};
/* End XCConfigurationList section */
	};
	rootObject = 0C9DFE841583732000A1700E /* Project object */;
}
